
Microsoft Visual Studio Solution File, Format Version 12.00
# Visual Studio Version 17
VisualStudioVersion = 17.1.32328.378
MinimumVisualStudioVersion = 10.0.40219.1
Project("{9A19103F-16F7-4668-BE54-9A1E7A4F7556}") = "FNA.Core", "FNA.Core.csproj", "{50E6F79B-8623-43DE-B8D5-1B22BD68C33C}"
EndProject
Global
	GlobalSection(SolutionConfigurationPlatforms) = preSolution
		Debug|x64 = Debug|x64
		Release|x64 = Release|x64
	EndGlobalSection
	GlobalSection(ProjectConfigurationPlatforms) = postSolution
		{50E6F79B-8623-43DE-B8D5-1B22BD68C33C}.Debug|x64.ActiveCfg = Debug|x64
		{50E6F79B-8623-43DE-B8D5-1B22BD68C33C}.Debug|x64.Build.0 = Debug|x64
		{50E6F79B-8623-43DE-B8D5-1B22BD68C33C}.Release|x64.ActiveCfg = Release|x64
		{50E6F79B-8623-43DE-B8D5-1B22BD68C33C}.Release|x64.Build.0 = Release|x64
	EndGlobalSection
	GlobalSection(SolutionProperties) = preSolution
		HideSolutionNode = FALSE
	EndGlobalSection
	GlobalSection(ExtensibilityGlobals) = postSolution
		SolutionGuid = {0C58E59D-4A3A-4CEE-A391-A5107FE16C27}
	EndGlobalSection
EndGlobal
